
Microsoft Visual Studio Solution File, Format Version 12.00
# Visual Studio Version 17
VisualStudioVersion = 17.11.35222.181
MinimumVisualStudioVersion = 10.0.40219.1
Project("{FAE04EC0-301F-11D3-BF4B-00C04F79EFBC}") = "Task1_Adapter", "Task1_Adapter\Task1_Adapter.csproj", "{A1146732-D428-437C-A38D-891F1A61955D}"
EndProject
Global
	GlobalSection(SolutionConfigurationPlatforms) = preSolution
		Debug|Any CPU = Debug|Any CPU
		Release|Any CPU = Release|Any CPU
	EndGlobalSection
	GlobalSection(ProjectConfigurationPlatforms) = postSolution
		{A1146732-D428-437C-A38D-891F1A61955D}.Debug|Any CPU.ActiveCfg = Debug|Any CPU
		{A1146732-D428-437C-A38D-891F1A61955D}.Debug|Any CPU.Build.0 = Debug|Any CPU
		{A1146732-D428-437C-A38D-891F1A61955D}.Release|Any CPU.ActiveCfg = Release|Any CPU
		{A1146732-D428-437C-A38D-891F1A61955D}.Release|Any CPU.Build.0 = Release|Any CPU
	EndGlobalSection
	GlobalSection(SolutionProperties) = preSolution
		HideSolutionNode = FALSE
	EndGlobalSection
	GlobalSection(ExtensibilityGlobals) = postSolution
		SolutionGuid = {B0CDAA4C-56E0-4BA9-A627-EDEB43BCB13B}
	EndGlobalSection
EndGlobal
